
Microsoft Visual Studio Solution File, Format Version 12.00
# Visual Studio Version 17
VisualStudioVersion = 17.1.32421.90
MinimumVisualStudioVersion = 10.0.40219.1
Project("{9A19103F-16F7-4668-BE54-9A1E7A4F7556}") = "UnitTest_Biblioteket", "UnitTest_Biblioteket\UnitTest_Biblioteket.csproj", "{6CB13AC1-DE19-46A1-B5E2-D67F8C5538F2}"
EndProject
Project("{9A19103F-16F7-4668-BE54-9A1E7A4F7556}") = "Biblioteket", "Biblotek\Biblioteket.csproj", "{8D5E4129-47F8-4BA0-B52C-A926BACDF060}"
EndProject
Global
	GlobalSection(SolutionConfigurationPlatforms) = preSolution
		Debug|Any CPU = Debug|Any CPU
		Release|Any CPU = Release|Any CPU
	EndGlobalSection
	GlobalSection(ProjectConfigurationPlatforms) = postSolution
		{6CB13AC1-DE19-46A1-B5E2-D67F8C5538F2}.Debug|Any CPU.ActiveCfg = Debug|Any CPU
		{6CB13AC1-DE19-46A1-B5E2-D67F8C5538F2}.Debug|Any CPU.Build.0 = Debug|Any CPU
		{6CB13AC1-DE19-46A1-B5E2-D67F8C5538F2}.Release|Any CPU.ActiveCfg = Release|Any CPU
		{6CB13AC1-DE19-46A1-B5E2-D67F8C5538F2}.Release|Any CPU.Build.0 = Release|Any CPU
		{8D5E4129-47F8-4BA0-B52C-A926BACDF060}.Debug|Any CPU.ActiveCfg = Debug|Any CPU
		{8D5E4129-47F8-4BA0-B52C-A926BACDF060}.Debug|Any CPU.Build.0 = Debug|Any CPU
		{8D5E4129-47F8-4BA0-B52C-A926BACDF060}.Release|Any CPU.ActiveCfg = Release|Any CPU
		{8D5E4129-47F8-4BA0-B52C-A926BACDF060}.Release|Any CPU.Build.0 = Release|Any CPU
	EndGlobalSection
	GlobalSection(SolutionProperties) = preSolution
		HideSolutionNode = FALSE
	EndGlobalSection
	GlobalSection(ExtensibilityGlobals) = postSolution
		SolutionGuid = {AD433A21-DE46-4EF9-A8F0-CBDA60D2FC60}
	EndGlobalSection
EndGlobal
